{
  "version": 2,
  "dependencies": {
    "net10.0": {
      "FSharp.Core": {
        "type": "Direct",
        "requested": "[10.1.301, )",
        "resolved": "10.1.301",
        "contentHash": "excLf2zM/qUB3WhRUfI0xvOOaPwcRAEdYT/BXe9eiTKySnWVuIKMQTf5+6ETy5nsb1dpLp1s2j2yAM/XcRgFMg=="
      },
      "Google.Protobuf": {
        "type": "Direct",
        "requested": "[3.29.3, )",
        "resolved": "3.29.3",
        "contentHash": "t7nZFFUFwigCwZ+nIXHDLweXvwIpsOXi+P7J7smPT/QjI3EKxnCzTQOhBqyEh6XEzc/pNH+bCFOOSjatrPt6Tw=="
      },
      "protobuf-net": {
        "type": "Direct",
        "requested": "[3.4.30, )",
        "resolved": "3.4.30",
        "contentHash": "N49mhnY5fpWds085lO6ocppox9y4cTb1EmbHAAYVJMl/iYSYyNpz4Ohxnk80qtqv52dNZI+/6hQbaiz3+rTEwA==",
        "dependencies": {
          "protobuf-net.Core": "3.4.30"
        }
      },
      "protobuf-net-fsharp": {
        "type": "Direct",
        "requested": "[0.1.0, )",
        "resolved": "0.1.0",
        "contentHash": "nDHjecfSB4w2D00vGzBY1Xqa1wnDo9h3aPS4Y++UKmE34ZeLkhgawXxYX1TuQLx0TG0ZXvuj04yV7skEVPM5/w==",
        "dependencies": {
          "FSharp.Core": "4.0.0",
          "protobuf-net": "0.0.0"
        }
      },
      "protobuf-net.Core": {
        "type": "Transitive",
        "resolved": "3.4.30",
        "contentHash": "CZf8U6eON9OBtcPyOiXJ6Oq3Opi/lWtEiireyLCy43iof1A2oA0GEOrEHZISzmQ46s61iOC06Sa4Cs+D41t1DA=="
      },
      "fs.gg.net.core": {
        "type": "Project",
        "dependencies": {
          "FSharp.Core": "[10.1.301, )"
        }
      }
    }
  }
}