{
  "version": 2,
  "dependencies": {
    "net10.0": {
      "FSharp.Core": {
        "type": "Direct",
        "requested": "[10.1.301, )",
        "resolved": "10.1.301",
        "contentHash": "excLf2zM/qUB3WhRUfI0xvOOaPwcRAEdYT/BXe9eiTKySnWVuIKMQTf5+6ETy5nsb1dpLp1s2j2yAM/XcRgFMg=="
      },
      "protobuf-net.Grpc.AspNetCore": {
        "type": "Direct",
        "requested": "[1.1.1, )",
        "resolved": "1.1.1",
        "contentHash": "swwy9K9KlwlkXTYpTE9Hva9Qty9PFM081nr3bz7SVnmlNBvYcJFFMVkFuSHYOuVAtR7wvANtDsRj0+bc7zehXQ==",
        "dependencies": {
          "Grpc.AspNetCore.Server": "2.51.0",
          "protobuf-net.Grpc": "1.1.1"
        }
      },
      "Grpc.AspNetCore.Server": {
        "type": "Transitive",
        "resolved": "2.51.0",
        "contentHash": "D/4ZZSNtH0aNvoenCwGxT0KXOQvF1wcET59UZlnL0caKuxSQtNtc8ucIBHPzcSqQwZU7jGM6YO69P3fJjNrFaA==",
        "dependencies": {
          "Grpc.Net.Common": "2.51.0"
        }
      },
      "Grpc.Core.Api": {
        "type": "Transitive",
        "resolved": "2.80.0",
        "contentHash": "i/8s+MOrYa6n7BmZ5bilcbHk+EMJDQHm2MKLhwGAT+urQqlZ6cpjvSivYvuULjebuX+UKieLYZbLRCmVQxFRkw=="
      },
      "Grpc.Net.Common": {
        "type": "Transitive",
        "resolved": "2.51.0",
        "contentHash": "lAymSKjOHFopWt7RAF/Rxkf7SKGZaj+tJdabcnobm6XkdHX1zIQdkByeqIwmJesDbbCTpLEae6oSrn4eWWE9TQ==",
        "dependencies": {
          "Grpc.Core.Api": "2.51.0"
        }
      },
      "protobuf-net.Core": {
        "type": "Transitive",
        "resolved": "3.4.30",
        "contentHash": "CZf8U6eON9OBtcPyOiXJ6Oq3Opi/lWtEiireyLCy43iof1A2oA0GEOrEHZISzmQ46s61iOC06Sa4Cs+D41t1DA=="
      },
      "fs.gg.net.core": {
        "type": "Project",
        "dependencies": {
          "FSharp.Core": "[10.1.301, )"
        }
      },
      "fs.gg.net.protobuf": {
        "type": "Project",
        "dependencies": {
          "FS.GG.Net.Core": "[0.6.0, )",
          "FSharp.Core": "[10.1.301, )",
          "Google.Protobuf": "[3.36.2, )",
          "protobuf-net": "[3.4.30, )",
          "protobuf-net-fsharp": "[0.2.1, )"
        }
      },
      "grpcservice.contracts": {
        "type": "Project",
        "dependencies": {
          "FSharp.Core": "[10.1.301, )",
          "System.ServiceModel.Primitives": "[8.1.2, )",
          "protobuf-net": "[3.4.30, )",
          "protobuf-net.Grpc": "[1.3.14, )"
        }
      },
      "Google.Protobuf": {
        "type": "CentralTransitive",
        "requested": "[3.36.2, )",
        "resolved": "3.36.2",
        "contentHash": "Ci1q1iJg74qAE5riTA2FbMS0wPbpruPQI/JQ9DrAsRo2VsSxgt1e/pmxGxgrci+pXJEgrSYg2vPl8rrStZkclQ=="
      },
      "protobuf-net": {
        "type": "CentralTransitive",
        "requested": "[3.4.30, )",
        "resolved": "3.4.30",
        "contentHash": "N49mhnY5fpWds085lO6ocppox9y4cTb1EmbHAAYVJMl/iYSYyNpz4Ohxnk80qtqv52dNZI+/6hQbaiz3+rTEwA==",
        "dependencies": {
          "protobuf-net.Core": "3.4.30"
        }
      },
      "protobuf-net-fsharp": {
        "type": "CentralTransitive",
        "requested": "[0.2.1, )",
        "resolved": "0.2.1",
        "contentHash": "WvBhxzB3zQm7jRQlHhONGRxBKLy/jDkG3OttdY7uOieN1WImeJmy/yarbveDFohx9//vxjt0qYmHu8FF2ct1ZA==",
        "dependencies": {
          "FSharp.Core": "4.0.0",
          "protobuf-net": "0.0.0"
        }
      },
      "protobuf-net.Grpc": {
        "type": "CentralTransitive",
        "requested": "[1.3.14, )",
        "resolved": "1.3.14",
        "contentHash": "LZXT38nUfQDp5C7V4uVeb7cg7NsAoELKEMklcD9VF0i1MMCY1WrWnrfT7G0hhlmnIGIkBf9lsyoOeIJiQ4wO4Q==",
        "dependencies": {
          "Grpc.Core.Api": "2.80.0",
          "protobuf-net": "2.4.8"
        }
      },
      "System.ServiceModel.Primitives": {
        "type": "CentralTransitive",
        "requested": "[8.1.2, )",
        "resolved": "8.1.2",
        "contentHash": "xlJ07FAUSDjPL/GhvVY1/KVPWn2ce056X4nHPwqAa5rkNLiNN5rqh6VcgMUoF6J7ckwhkVJ1vVx/K/47nyyR9g=="
      }
    }
  }
}