{
  "version": 2,
  "dependencies": {
    "net10.0": {
      "FSharp.Core": {
        "type": "Direct",
        "requested": "[10.1.301, )",
        "resolved": "10.1.301",
        "contentHash": "excLf2zM/qUB3WhRUfI0xvOOaPwcRAEdYT/BXe9eiTKySnWVuIKMQTf5+6ETy5nsb1dpLp1s2j2yAM/XcRgFMg=="
      },
      "protobuf-net": {
        "type": "Direct",
        "requested": "[3.4.30, )",
        "resolved": "3.4.30",
        "contentHash": "N49mhnY5fpWds085lO6ocppox9y4cTb1EmbHAAYVJMl/iYSYyNpz4Ohxnk80qtqv52dNZI+/6hQbaiz3+rTEwA==",
        "dependencies": {
          "protobuf-net.Core": "3.4.30"
        }
      },
      "protobuf-net.Grpc": {
        "type": "Direct",
        "requested": "[1.1.1, )",
        "resolved": "1.1.1",
        "contentHash": "uThFb/iUplzuXEa/cztJaNGpKLRQRb515STtQX99IS1MKh8Qsunw6MjjU+9rjo8s9UymR6lN9Ab6xT3adBlyDg==",
        "dependencies": {
          "Grpc.Core.Api": "2.51.0",
          "protobuf-net": "2.4.8"
        }
      },
      "System.Security.Cryptography.Xml": {
        "type": "Direct",
        "requested": "[10.0.10, )",
        "resolved": "10.0.10",
        "contentHash": "Mz6Y+s+uMQKj1H2BUF0OhlmaOQkLgSG34/IrUaBDirYBQ6bgwcFvO/XtXWcoDlBLFoFB0uKqDNhybHOd+fQK1A==",
        "dependencies": {
          "System.Security.Cryptography.Pkcs": "10.0.10"
        }
      },
      "System.ServiceModel.Primitives": {
        "type": "Direct",
        "requested": "[8.1.0, )",
        "resolved": "8.1.0",
        "contentHash": "/NGnzQSp2lmTlCfKzcD2PVKRnx6bQCbEqlb5sXo31TA2C7oA8g5I7Wfjk8dNRNUo1uSqZUcj3htED6tWA/mX9w==",
        "dependencies": {
          "Microsoft.Extensions.ObjectPool": "8.0.10",
          "System.Security.Cryptography.Xml": "8.0.2"
        }
      },
      "Grpc.Core.Api": {
        "type": "Transitive",
        "resolved": "2.51.0",
        "contentHash": "WUYCnxZKfdBWCKNs08lWFRoTjESt3iyFDthsZu5KcWguZ4OnnXrTu/K5mIdO+R9dUhuw5Xm1ygUrI1e2q8d1YA=="
      },
      "Microsoft.Extensions.ObjectPool": {
        "type": "Transitive",
        "resolved": "8.0.10",
        "contentHash": "u7gAG7JgxF8VSJUGPSudAcPxOt+ymJKQCSxNRxiuKV+klCQbHljQR75SilpedCTfhPWDhtUwIJpnDVtspr9nMg=="
      },
      "protobuf-net.Core": {
        "type": "Transitive",
        "resolved": "3.4.30",
        "contentHash": "CZf8U6eON9OBtcPyOiXJ6Oq3Opi/lWtEiireyLCy43iof1A2oA0GEOrEHZISzmQ46s61iOC06Sa4Cs+D41t1DA=="
      },
      "System.Security.Cryptography.Pkcs": {
        "type": "Transitive",
        "resolved": "10.0.10",
        "contentHash": "KG8t5RHczdgB3IWvRndpI0nE1DSo7ikDYSDbITxfgRFyIvnYiKzuPjaZOsPnwFQ1aOGUl9sEulJul9wlHLEUoA=="
      }
    }
  }
}