{
  "version": 2,
  "dependencies": {
    "net10.0": {
      "Elmish": {
        "type": "Direct",
        "requested": "[5.0.2, )",
        "resolved": "5.0.2",
        "contentHash": "EUSEpxcXAZ93L02FSTBwP4AQGIZBnJT3udI/DE2kDIir7rjtcolTSjUjk41AgR+C69MvuHi18cN8TPh4L8EY3w=="
      },
      "Expecto": {
        "type": "Direct",
        "requested": "[11.1.0, )",
        "resolved": "11.1.0",
        "contentHash": "Bigdu4FzlS0wsS4jUADCSfAM8oiXr9ghswxvYha7ge66QN8VnUjOke38AaU2Qg3nS0lE73NKt+4QEWlaGxILLg==",
        "dependencies": {
          "FSharp.Core": "7.0.200",
          "Mono.Cecil": "[0.11.6, 1.0.0)"
        }
      },
      "FSharp.Core": {
        "type": "Direct",
        "requested": "[10.1.401, )",
        "resolved": "10.1.401",
        "contentHash": "/lvOK51KD8IangBYkfDVna3/HrE/r4VUnX3dI01KDspctoYXmind3POeoYkqWKeXHwiKlf6Hc9TxwSnoSCWcjw=="
      },
      "Google.Protobuf": {
        "type": "Direct",
        "requested": "[3.36.2, )",
        "resolved": "3.36.2",
        "contentHash": "Ci1q1iJg74qAE5riTA2FbMS0wPbpruPQI/JQ9DrAsRo2VsSxgt1e/pmxGxgrci+pXJEgrSYg2vPl8rrStZkclQ=="
      },
      "Microsoft.NET.Test.Sdk": {
        "type": "Direct",
        "requested": "[18.8.1, )",
        "resolved": "18.8.1",
        "contentHash": "dknJL3/9Y3t4XuCBqnc0PevPxgLsUMmVhjwup/b1HNovA8zWcj3XsfIf7c6p05363DWcqL7X/YhDL9B+Zymv1w==",
        "dependencies": {
          "Microsoft.CodeCoverage": "18.8.1",
          "Microsoft.TestPlatform.TestHost": "18.8.1"
        }
      },
      "protobuf-net": {
        "type": "Direct",
        "requested": "[3.4.30, )",
        "resolved": "3.4.30",
        "contentHash": "N49mhnY5fpWds085lO6ocppox9y4cTb1EmbHAAYVJMl/iYSYyNpz4Ohxnk80qtqv52dNZI+/6hQbaiz3+rTEwA==",
        "dependencies": {
          "protobuf-net.Core": "3.4.30"
        }
      },
      "protobuf-net-fsharp": {
        "type": "Direct",
        "requested": "[0.2.1, )",
        "resolved": "0.2.1",
        "contentHash": "WvBhxzB3zQm7jRQlHhONGRxBKLy/jDkG3OttdY7uOieN1WImeJmy/yarbveDFohx9//vxjt0qYmHu8FF2ct1ZA==",
        "dependencies": {
          "FSharp.Core": "4.0.0",
          "protobuf-net": "0.0.0"
        }
      },
      "protobuf-net.Grpc": {
        "type": "Direct",
        "requested": "[1.3.14, )",
        "resolved": "1.3.14",
        "contentHash": "LZXT38nUfQDp5C7V4uVeb7cg7NsAoELKEMklcD9VF0i1MMCY1WrWnrfT7G0hhlmnIGIkBf9lsyoOeIJiQ4wO4Q==",
        "dependencies": {
          "Grpc.Core.Api": "2.80.0",
          "protobuf-net": "2.4.8"
        }
      },
      "YoloDev.Expecto.TestSdk": {
        "type": "Direct",
        "requested": "[0.16.1, )",
        "resolved": "0.16.1",
        "contentHash": "qEdjInmvZoCk4UvGupJJxDw0jIvnIklLTFW+sHoyR2tQ0R3s2fh/Zw6QVmzlKS2Gb8zTGK0zO2ViEdS5CffKEQ==",
        "dependencies": {
          "Expecto": "10.2.3",
          "FSharp.Core": "7.0.200",
          "Microsoft.Testing.Extensions.VSTestBridge": "2.3.3",
          "Microsoft.Testing.Platform.MSBuild": "2.3.3"
        }
      },
      "Grpc.AspNetCore.Server": {
        "type": "Transitive",
        "resolved": "2.80.0",
        "contentHash": "lbK7z1sZP5imPdQ035f/CZ61iIaBWouY6A580E9JNo7vzXYX/Qo+GQtSjOzhP9VFbxk7mtLoMhn/v1fT2U7kTw==",
        "dependencies": {
          "Grpc.Net.Common": "2.80.0"
        }
      },
      "Grpc.Core.Api": {
        "type": "Transitive",
        "resolved": "2.84.0",
        "contentHash": "p2SOMl6q/GZ4/5MLkgboC/z55g4zKUEruRn/g46QgppjQBVnsLZVBU/9VO7n60ll38G3Eo8Zu9b7x+W01GKFVg=="
      },
      "Grpc.Net.Common": {
        "type": "Transitive",
        "resolved": "2.84.0",
        "contentHash": "DPxm/H8G/lDRrz997wM0M2zN/PGqVeZKDakhBbtABEbv6WIW4HI9g3BvntBQT6ZUROuGacMzfyyF9e5kiTVFfQ==",
        "dependencies": {
          "Grpc.Core.Api": "2.84.0"
        }
      },
      "Microsoft.ApplicationInsights": {
        "type": "Transitive",
        "resolved": "2.23.0",
        "contentHash": "nWArUZTdU7iqZLycLKWe0TDms48KKGE6pONH2terYNa8REXiqixrMOkf1sk5DHGMaUTqONU2YkS4SAXBhLStgw=="
      },
      "Microsoft.CodeCoverage": {
        "type": "Transitive",
        "resolved": "18.8.1",
        "contentHash": "Eclse/ZZjr4lmWzZFNN9h/OluhKL+SK/QbUyKUewgX139aGeyMEO/DkMPwuFs2MixvanTnz6891rF8UHDg+W4Q=="
      },
      "Microsoft.Testing.Extensions.Telemetry": {
        "type": "Transitive",
        "resolved": "2.3.3",
        "contentHash": "nY8ceQyPWB9TRE1WE5Oe/sks2e10SxgPv61vBHsFYpgCeDtNwhpMZwmL29GklO3/etTdOsLdrCmNr4zJWaR2fg==",
        "dependencies": {
          "Microsoft.ApplicationInsights": "2.23.0",
          "Microsoft.Testing.Platform": "2.3.3"
        }
      },
      "Microsoft.Testing.Extensions.TrxReport.Abstractions": {
        "type": "Transitive",
        "resolved": "2.3.3",
        "contentHash": "dceVNxnfTEjKnrIreLcMfkgrzzBY8kgCCJX5NAv7Lq/6vPlTP4VB5zxKeuYy0yfCoBtWuPkLjUG6qtOBMfpypA==",
        "dependencies": {
          "Microsoft.Testing.Platform": "2.3.3"
        }
      },
      "Microsoft.Testing.Extensions.VSTestBridge": {
        "type": "Transitive",
        "resolved": "2.3.3",
        "contentHash": "JLovZjH6K10YiHO/BcidsaSHo/M2DfOe9FDjxjFdV6aoHO6VYTTYlLBNcyLJSo20q5gDTmNvmxYVH39A942aJA==",
        "dependencies": {
          "Microsoft.TestPlatform.ObjectModel": "18.4.0",
          "Microsoft.Testing.Extensions.Telemetry": "2.3.3",
          "Microsoft.Testing.Extensions.TrxReport.Abstractions": "2.3.3",
          "Microsoft.Testing.Platform": "2.3.3"
        }
      },
      "Microsoft.Testing.Platform": {
        "type": "Transitive",
        "resolved": "2.3.3",
        "contentHash": "ENbH4BQh9riXtOKc25KKITfiGGWhWMBJA7pZuNaF9zxzzSaVkp5AMeZxGQ6sXYaR6xb724NLz985Is6XIYqLSg=="
      },
      "Microsoft.Testing.Platform.MSBuild": {
        "type": "Transitive",
        "resolved": "2.3.3",
        "contentHash": "iVAvNbZ5JPDZSrTcIrCDoCsAkzjDxwDEt2mDuMd8ng1P6e2P2NCd0g0BsoBVG+nJLSmK//V+yeEvjCa3E2fxHw==",
        "dependencies": {
          "Microsoft.Testing.Platform": "2.3.3"
        }
      },
      "Microsoft.TestPlatform.ObjectModel": {
        "type": "Transitive",
        "resolved": "18.8.1",
        "contentHash": "qLbktNB1+b1XZLNJBTzaWVVJAd6PEzD7cgD406geMb6PcFZhp3EDNa1tctWx1+mtMU6MP/6ozVvFPC9vs2a9rw=="
      },
      "Microsoft.TestPlatform.TestHost": {
        "type": "Transitive",
        "resolved": "18.8.1",
        "contentHash": "FaQHPDTUOcE+SFTjssNPfrub2lT9Zyon4J2W/KLHt/efLJACb1TCeWXyOgh0D/4Q1e4n+S3E6mOKud+9nLZlEA==",
        "dependencies": {
          "Microsoft.TestPlatform.ObjectModel": "18.8.1"
        }
      },
      "Mono.Cecil": {
        "type": "Transitive",
        "resolved": "0.11.6",
        "contentHash": "f33RkDtZO8VlGXCtmQIviOtxgnUdym9xx/b1p9h91CRGOsJFxCFOFK1FDbVt1OCf1aWwYejUFa2MOQyFWTFjbA=="
      },
      "protobuf-net.Core": {
        "type": "Transitive",
        "resolved": "3.4.30",
        "contentHash": "CZf8U6eON9OBtcPyOiXJ6Oq3Opi/lWtEiireyLCy43iof1A2oA0GEOrEHZISzmQ46s61iOC06Sa4Cs+D41t1DA=="
      },
      "fs.gg.net.core": {
        "type": "Project",
        "dependencies": {
          "FSharp.Core": "[10.1.401, )"
        }
      },
      "fs.gg.net.elmish": {
        "type": "Project",
        "dependencies": {
          "Elmish": "[5.0.2, )",
          "FS.GG.Net.Core": "[0.6.0, )",
          "FSharp.Core": "[10.1.401, )"
        }
      },
      "fs.gg.net.grpc": {
        "type": "Project",
        "dependencies": {
          "FS.GG.Net.Core": "[0.6.0, )",
          "FSharp.Core": "[10.1.401, )",
          "Grpc.Net.Client": "[2.84.0, )",
          "protobuf-net.Grpc": "[1.3.14, )"
        }
      },
      "fs.gg.net.protobuf": {
        "type": "Project",
        "dependencies": {
          "FS.GG.Net.Core": "[0.6.0, )",
          "FSharp.Core": "[10.1.401, )",
          "Google.Protobuf": "[3.36.2, )",
          "protobuf-net": "[3.4.30, )",
          "protobuf-net-fsharp": "[0.2.1, )"
        }
      },
      "fs.gg.net.websocket": {
        "type": "Project",
        "dependencies": {
          "FS.GG.Net.Core": "[0.6.0, )",
          "FSharp.Core": "[10.1.401, )"
        }
      },
      "fs.gg.net.websocket.server": {
        "type": "Project",
        "dependencies": {
          "FS.GG.Net.Core": "[0.6.0, )",
          "FS.GG.Net.WebSocket": "[0.6.0, )",
          "FSharp.Core": "[10.1.401, )"
        }
      },
      "grpcservice.contracts": {
        "type": "Project",
        "dependencies": {
          "FSharp.Core": "[10.1.401, )",
          "System.ServiceModel.Primitives": "[8.1.2, )",
          "protobuf-net": "[3.4.30, )",
          "protobuf-net.Grpc": "[1.3.14, )"
        }
      },
      "grpcservice.server": {
        "type": "Project",
        "dependencies": {
          "FS.GG.Net.Protobuf": "[0.6.0, )",
          "FSharp.Core": "[10.1.401, )",
          "GrpcService.Contracts": "[1.0.0, )",
          "protobuf-net.Grpc.AspNetCore": "[1.3.14, )"
        }
      },
      "Grpc.Net.Client": {
        "type": "CentralTransitive",
        "requested": "[2.84.0, )",
        "resolved": "2.84.0",
        "contentHash": "My6Fms2YCyAbihTBZZ3kLS39iTY2pkMAzGDBTC6XhPOujg70eB07AEJ7tPiW3tZ70bhFzHcc3+d4j3DaIPF3aA==",
        "dependencies": {
          "Grpc.Net.Common": "2.84.0"
        }
      },
      "protobuf-net.Grpc.AspNetCore": {
        "type": "CentralTransitive",
        "requested": "[1.3.14, )",
        "resolved": "1.3.14",
        "contentHash": "vuvVZseBmC5OlCaz++4IG6RxnIEwJTJjpYqOjllauyeGQdQdFdjjL0c+Q7huKMwtM2PVH3qWcDVLZ4Eb4WL7/Q==",
        "dependencies": {
          "Grpc.AspNetCore.Server": "2.80.0",
          "protobuf-net.Grpc": "1.3.14"
        }
      },
      "System.ServiceModel.Primitives": {
        "type": "CentralTransitive",
        "requested": "[8.1.2, )",
        "resolved": "8.1.2",
        "contentHash": "xlJ07FAUSDjPL/GhvVY1/KVPWn2ce056X4nHPwqAa5rkNLiNN5rqh6VcgMUoF6J7ckwhkVJ1vVx/K/47nyyR9g=="
      }
    }
  }
}